
Microsoft Visual Studio Solution File, Format Version 12.00
# Visual Studio Version 16
VisualStudioVersion = 16.0.31321.278
MinimumVisualStudioVersion = 10.0.40219.1
Project("{9A19103F-16F7-4668-BE54-9A1E7A4F7556}") = "CyberCats-Bank.Gateway", "CyberCats-Bank.Gateway\CyberCats-Bank.Gateway.csproj", "{C14757E1-0B6F-4024-9BD9-0E65F2510CC1}"
EndProject
Project("{2150E333-8FDC-42A3-9474-1A3956D46DE8}") = "Microservices", "Microservices", "{9591E5C3-39A6-482A-B1F5-990FDBF4F3DF}"
EndProject
Project("{9A19103F-16F7-4668-BE54-9A1E7A4F7556}") = "ActivityLogger", "ActivityLogger\ActivityLogger.csproj", "{E5CE5788-003C-4F05-BA2F-E0FDDB303E22}"
EndProject
Project("{9A19103F-16F7-4668-BE54-9A1E7A4F7556}") = "Registration", "Registration\Registration.csproj", "{B86C159F-2F7E-4D7D-9620-0B59C019C5D1}"
EndProject
Project("{9A19103F-16F7-4668-BE54-9A1E7A4F7556}") = "Registration", "RegistrationUser\Registration.csproj", "{786EB563-6666-4BCD-9849-6CC6C56CB0CF}"
EndProject
Project("{2150E333-8FDC-42A3-9474-1A3956D46DE8}") = "RegistrationUser", "RegistrationUser", "{9F8331A8-A95A-49C1-A0A8-CB6F5AE96E77}"
EndProject
Project("{2150E333-8FDC-42A3-9474-1A3956D46DE8}") = "Registration", "Registration", "{F0E7F661-F046-46E9-A3C5-555CAB47D171}"
EndProject
Project("{2150E333-8FDC-42A3-9474-1A3956D46DE8}") = "Logging", "Logging", "{78DD04AC-C3E3-490C-8ED6-B2624B3983BB}"
EndProject
Project("{FAE04EC0-301F-11D3-BF4B-00C04F79EFBC}") = "ActivityLogger.Persistence", "ActivityLogger.Persistence\ActivityLogger.Persistence.csproj", "{2B97A487-A0F5-4FE5-8F1D-7078260BBFD6}"
EndProject
Project("{2150E333-8FDC-42A3-9474-1A3956D46DE8}") = "CancellationServices", "CancellationServices", "{AC140233-5588-47F3-BF0F-7B1A83B5A873}"
EndProject
Project("{FAE04EC0-301F-11D3-BF4B-00C04F79EFBC}") = "CancellationService", "CancellationService\CancellationService.csproj", "{60A2184D-3640-417B-873B-3A80E067FAB5}"
EndProject
Project("{FAE04EC0-301F-11D3-BF4B-00C04F79EFBC}") = "RegistrationUser.Persistence", "RegistrationUser.Persistence\RegistrationUser.Persistence.csproj", "{2959C44A-DB78-445F-8CA1-D84A85CBD5D4}"
EndProject
Project("{2150E333-8FDC-42A3-9474-1A3956D46DE8}") = "Shared", "Shared", "{FA071265-1BC3-4F9E-9635-58975EDB193D}"
EndProject
Project("{FAE04EC0-301F-11D3-BF4B-00C04F79EFBC}") = "CyberCats-Bank.EventBus.Contracts", "CyberCats-Bank.EventBus.Contracts\CyberCats-Bank.EventBus.Contracts.csproj", "{34531D2E-47A0-491E-B595-4848FEA309EC}"
EndProject
Project("{FAE04EC0-301F-11D3-BF4B-00C04F79EFBC}") = "RegistrationUser.EventBus", "RegistrationUser.EventBus\RegistrationUser.EventBus.csproj", "{3EAB4916-DFC4-471F-A2FB-7689EE481598}"
EndProject
Project("{FAE04EC0-301F-11D3-BF4B-00C04F79EFBC}") = "ActivityLogger.EventBus", "ActivityLogger.EventBus\ActivityLogger.EventBus.csproj", "{7C0FBF43-DEF8-4B51-AD85-761C842702FB}"
EndProject
Project("{FAE04EC0-301F-11D3-BF4B-00C04F79EFBC}") = "CyberCats-Bank.EventBus", "CyberCats-Bank.EventBus\CyberCats-Bank.EventBus.csproj", "{F4318A1F-17FB-4AE7-9F3D-FDDCAEC4B3B6}"
EndProject
Global
	GlobalSection(SolutionConfigurationPlatforms) = preSolution
		Debug|Any CPU = Debug|Any CPU
		Release|Any CPU = Release|Any CPU
	EndGlobalSection
	GlobalSection(ProjectConfigurationPlatforms) = postSolution
		{C14757E1-0B6F-4024-9BD9-0E65F2510CC1}.Debug|Any CPU.ActiveCfg = Debug|Any CPU
		{C14757E1-0B6F-4024-9BD9-0E65F2510CC1}.Debug|Any CPU.Build.0 = Debug|Any CPU
		{C14757E1-0B6F-4024-9BD9-0E65F2510CC1}.Release|Any CPU.ActiveCfg = Release|Any CPU
		{C14757E1-0B6F-4024-9BD9-0E65F2510CC1}.Release|Any CPU.Build.0 = Release|Any CPU
		{E5CE5788-003C-4F05-BA2F-E0FDDB303E22}.Debug|Any CPU.ActiveCfg = Debug|Any CPU
		{E5CE5788-003C-4F05-BA2F-E0FDDB303E22}.Debug|Any CPU.Build.0 = Debug|Any CPU
		{E5CE5788-003C-4F05-BA2F-E0FDDB303E22}.Release|Any CPU.ActiveCfg = Release|Any CPU
		{E5CE5788-003C-4F05-BA2F-E0FDDB303E22}.Release|Any CPU.Build.0 = Release|Any CPU
		{B86C159F-2F7E-4D7D-9620-0B59C019C5D1}.Debug|Any CPU.ActiveCfg = Debug|Any CPU
		{B86C159F-2F7E-4D7D-9620-0B59C019C5D1}.Debug|Any CPU.Build.0 = Debug|Any CPU
		{B86C159F-2F7E-4D7D-9620-0B59C019C5D1}.Release|Any CPU.ActiveCfg = Release|Any CPU
		{B86C159F-2F7E-4D7D-9620-0B59C019C5D1}.Release|Any CPU.Build.0 = Release|Any CPU
		{786EB563-6666-4BCD-9849-6CC6C56CB0CF}.Debug|Any CPU.ActiveCfg = Debug|Any CPU
		{786EB563-6666-4BCD-9849-6CC6C56CB0CF}.Debug|Any CPU.Build.0 = Debug|Any CPU
		{786EB563-6666-4BCD-9849-6CC6C56CB0CF}.Release|Any CPU.ActiveCfg = Release|Any CPU
		{786EB563-6666-4BCD-9849-6CC6C56CB0CF}.Release|Any CPU.Build.0 = Release|Any CPU
		{2B97A487-A0F5-4FE5-8F1D-7078260BBFD6}.Debug|Any CPU.ActiveCfg = Debug|Any CPU
		{2B97A487-A0F5-4FE5-8F1D-7078260BBFD6}.Debug|Any CPU.Build.0 = Debug|Any CPU
		{2B97A487-A0F5-4FE5-8F1D-7078260BBFD6}.Release|Any CPU.ActiveCfg = Release|Any CPU
		{2B97A487-A0F5-4FE5-8F1D-7078260BBFD6}.Release|Any CPU.Build.0 = Release|Any CPU
		{60A2184D-3640-417B-873B-3A80E067FAB5}.Debug|Any CPU.ActiveCfg = Debug|Any CPU
		{60A2184D-3640-417B-873B-3A80E067FAB5}.Debug|Any CPU.Build.0 = Debug|Any CPU
		{60A2184D-3640-417B-873B-3A80E067FAB5}.Release|Any CPU.ActiveCfg = Release|Any CPU
		{60A2184D-3640-417B-873B-3A80E067FAB5}.Release|Any CPU.Build.0 = Release|Any CPU
		{2959C44A-DB78-445F-8CA1-D84A85CBD5D4}.Debug|Any CPU.ActiveCfg = Debug|Any CPU
		{2959C44A-DB78-445F-8CA1-D84A85CBD5D4}.Debug|Any CPU.Build.0 = Debug|Any CPU
		{2959C44A-DB78-445F-8CA1-D84A85CBD5D4}.Release|Any CPU.ActiveCfg = Release|Any CPU
		{2959C44A-DB78-445F-8CA1-D84A85CBD5D4}.Release|Any CPU.Build.0 = Release|Any CPU
		{34531D2E-47A0-491E-B595-4848FEA309EC}.Debug|Any CPU.ActiveCfg = Debug|Any CPU
		{34531D2E-47A0-491E-B595-4848FEA309EC}.Debug|Any CPU.Build.0 = Debug|Any CPU
		{34531D2E-47A0-491E-B595-4848FEA309EC}.Release|Any CPU.ActiveCfg = Release|Any CPU
		{34531D2E-47A0-491E-B595-4848FEA309EC}.Release|Any CPU.Build.0 = Release|Any CPU
		{3EAB4916-DFC4-471F-A2FB-7689EE481598}.Debug|Any CPU.ActiveCfg = Debug|Any CPU
		{3EAB4916-DFC4-471F-A2FB-7689EE481598}.Debug|Any CPU.Build.0 = Debug|Any CPU
		{3EAB4916-DFC4-471F-A2FB-7689EE481598}.Release|Any CPU.ActiveCfg = Release|Any CPU
		{3EAB4916-DFC4-471F-A2FB-7689EE481598}.Release|Any CPU.Build.0 = Release|Any CPU
		{7C0FBF43-DEF8-4B51-AD85-761C842702FB}.Debug|Any CPU.ActiveCfg = Debug|Any CPU
		{7C0FBF43-DEF8-4B51-AD85-761C842702FB}.Debug|Any CPU.Build.0 = Debug|Any CPU
		{7C0FBF43-DEF8-4B51-AD85-761C842702FB}.Release|Any CPU.ActiveCfg = Release|Any CPU
		{7C0FBF43-DEF8-4B51-AD85-761C842702FB}.Release|Any CPU.Build.0 = Release|Any CPU
		{F4318A1F-17FB-4AE7-9F3D-FDDCAEC4B3B6}.Debug|Any CPU.ActiveCfg = Debug|Any CPU
		{F4318A1F-17FB-4AE7-9F3D-FDDCAEC4B3B6}.Debug|Any CPU.Build.0 = Debug|Any CPU
		{F4318A1F-17FB-4AE7-9F3D-FDDCAEC4B3B6}.Release|Any CPU.ActiveCfg = Release|Any CPU
		{F4318A1F-17FB-4AE7-9F3D-FDDCAEC4B3B6}.Release|Any CPU.Build.0 = Release|Any CPU
	EndGlobalSection
	GlobalSection(SolutionProperties) = preSolution
		HideSolutionNode = FALSE
	EndGlobalSection
	GlobalSection(NestedProjects) = preSolution
		{E5CE5788-003C-4F05-BA2F-E0FDDB303E22} = {78DD04AC-C3E3-490C-8ED6-B2624B3983BB}
		{B86C159F-2F7E-4D7D-9620-0B59C019C5D1} = {F0E7F661-F046-46E9-A3C5-555CAB47D171}
		{786EB563-6666-4BCD-9849-6CC6C56CB0CF} = {9F8331A8-A95A-49C1-A0A8-CB6F5AE96E77}
		{9F8331A8-A95A-49C1-A0A8-CB6F5AE96E77} = {9591E5C3-39A6-482A-B1F5-990FDBF4F3DF}
		{F0E7F661-F046-46E9-A3C5-555CAB47D171} = {9591E5C3-39A6-482A-B1F5-990FDBF4F3DF}
		{78DD04AC-C3E3-490C-8ED6-B2624B3983BB} = {9591E5C3-39A6-482A-B1F5-990FDBF4F3DF}
		{2B97A487-A0F5-4FE5-8F1D-7078260BBFD6} = {78DD04AC-C3E3-490C-8ED6-B2624B3983BB}
		{AC140233-5588-47F3-BF0F-7B1A83B5A873} = {9591E5C3-39A6-482A-B1F5-990FDBF4F3DF}
		{60A2184D-3640-417B-873B-3A80E067FAB5} = {AC140233-5588-47F3-BF0F-7B1A83B5A873}
		{2959C44A-DB78-445F-8CA1-D84A85CBD5D4} = {9F8331A8-A95A-49C1-A0A8-CB6F5AE96E77}
		{34531D2E-47A0-491E-B595-4848FEA309EC} = {FA071265-1BC3-4F9E-9635-58975EDB193D}
		{3EAB4916-DFC4-471F-A2FB-7689EE481598} = {9F8331A8-A95A-49C1-A0A8-CB6F5AE96E77}
		{7C0FBF43-DEF8-4B51-AD85-761C842702FB} = {78DD04AC-C3E3-490C-8ED6-B2624B3983BB}
		{F4318A1F-17FB-4AE7-9F3D-FDDCAEC4B3B6} = {FA071265-1BC3-4F9E-9635-58975EDB193D}
	EndGlobalSection
	GlobalSection(ExtensibilityGlobals) = postSolution
		SolutionGuid = {96895352-FF15-41AF-B326-39CC339C900F}
	EndGlobalSection
EndGlobal
